{
  "originHash" : "1940e9fbb2c622ba21e396373796d02ff66d15252bbc879d0556a3277dbf86db",
  "pins" : [
    {
      "identity" : "swifttui",
      "kind" : "remoteSourceControl",
      "location" : "https://github.com/llsc12/SwiftTUI",
      "state" : {
        "revision" : "1f42222c2f3fe86d0098e93495420be6bf9c5ea9"
      }
    }
  ],
  "version" : 3
}
