{
  "originHash" : "149546f7af5098db2717b87ace62d0cfe6eb48eb4b15b3ff674bdcc3dbb4b25c",
  "pins" : [
    {
      "identity" : "swifttui",
      "kind" : "remoteSourceControl",
      "location" : "https://github.com/llsc12/SwiftTUI",
      "state" : {
        "revision" : "6f6b579b23e164643c5d6306b6556b3148f17a59"
      }
    }
  ],
  "version" : 3
}
